
Microsoft Visual Studio Solution File, Format Version 12.00
# Visual Studio Version 17
VisualStudioVersion = 17.9.34723.18
MinimumVisualStudioVersion = 10.0.40219.1
Project("{FAE04EC0-301F-11D3-BF4B-00C04F79EFBC}") = "ST10263164_PROG7311", "ST10263164_PROG7311\ST10263164_PROG7311.csproj", "{B7314316-A722-45B8-881D-6EC0E9412409}"
EndProject
Global
	GlobalSection(SolutionConfigurationPlatforms) = preSolution
		Debug|Any CPU = Debug|Any CPU
		Release|Any CPU = Release|Any CPU
	EndGlobalSection
	GlobalSection(ProjectConfigurationPlatforms) = postSolution
		{B7314316-A722-45B8-881D-6EC0E9412409}.Debug|Any CPU.ActiveCfg = Debug|Any CPU
		{B7314316-A722-45B8-881D-6EC0E9412409}.Debug|Any CPU.Build.0 = Debug|Any CPU
		{B7314316-A722-45B8-881D-6EC0E9412409}.Release|Any CPU.ActiveCfg = Release|Any CPU
		{B7314316-A722-45B8-881D-6EC0E9412409}.Release|Any CPU.Build.0 = Release|Any CPU
	EndGlobalSection
	GlobalSection(SolutionProperties) = preSolution
		HideSolutionNode = FALSE
	EndGlobalSection
	GlobalSection(ExtensibilityGlobals) = postSolution
		SolutionGuid = {22264AA3-9A69-4914-AB49-8A33E4ABBF28}
	EndGlobalSection
EndGlobal
